
Microsoft Visual Studio Solution File, Format Version 12.00
# Visual Studio Version 16
Project("{8BC9CEB8-8B4A-11D0-8D11-00A0C91BC942}") = "ALL_BUILD", "ALL_BUILD.vcxproj", "{68F51BCE-E37D-3100-879E-A28580BDAF9E}"
	ProjectSection(ProjectDependencies) = postProject
		{59A8617B-D837-308D-BA91-5463D939694B} = {59A8617B-D837-308D-BA91-5463D939694B}
		{5790AA01-8EB6-389F-9645-1F010BDC1754} = {5790AA01-8EB6-389F-9645-1F010BDC1754}
	EndProjectSection
EndProject
Project("{8BC9CEB8-8B4A-11D0-8D11-00A0C91BC942}") = "ZERO_CHECK", "ZERO_CHECK.vcxproj", "{59A8617B-D837-308D-BA91-5463D939694B}"
	ProjectSection(ProjectDependencies) = postProject
	EndProjectSection
EndProject
Project("{8BC9CEB8-8B4A-11D0-8D11-00A0C91BC942}") = "sudocraft", "sudocraft.vcxproj", "{5790AA01-8EB6-389F-9645-1F010BDC1754}"
	ProjectSection(ProjectDependencies) = postProject
		{59A8617B-D837-308D-BA91-5463D939694B} = {59A8617B-D837-308D-BA91-5463D939694B}
	EndProjectSection
EndProject
Global
	GlobalSection(SolutionConfigurationPlatforms) = preSolution
		Debug|x64 = Debug|x64
		Release|x64 = Release|x64
		MinSizeRel|x64 = MinSizeRel|x64
		RelWithDebInfo|x64 = RelWithDebInfo|x64
	EndGlobalSection
	GlobalSection(ProjectConfigurationPlatforms) = postSolution
		{68F51BCE-E37D-3100-879E-A28580BDAF9E}.Debug|x64.ActiveCfg = Debug|x64
		{68F51BCE-E37D-3100-879E-A28580BDAF9E}.Release|x64.ActiveCfg = Release|x64
		{68F51BCE-E37D-3100-879E-A28580BDAF9E}.MinSizeRel|x64.ActiveCfg = MinSizeRel|x64
		{68F51BCE-E37D-3100-879E-A28580BDAF9E}.RelWithDebInfo|x64.ActiveCfg = RelWithDebInfo|x64
		{59A8617B-D837-308D-BA91-5463D939694B}.Debug|x64.ActiveCfg = Debug|x64
		{59A8617B-D837-308D-BA91-5463D939694B}.Debug|x64.Build.0 = Debug|x64
		{59A8617B-D837-308D-BA91-5463D939694B}.Release|x64.ActiveCfg = Release|x64
		{59A8617B-D837-308D-BA91-5463D939694B}.Release|x64.Build.0 = Release|x64
		{59A8617B-D837-308D-BA91-5463D939694B}.MinSizeRel|x64.ActiveCfg = MinSizeRel|x64
		{59A8617B-D837-308D-BA91-5463D939694B}.MinSizeRel|x64.Build.0 = MinSizeRel|x64
		{59A8617B-D837-308D-BA91-5463D939694B}.RelWithDebInfo|x64.ActiveCfg = RelWithDebInfo|x64
		{59A8617B-D837-308D-BA91-5463D939694B}.RelWithDebInfo|x64.Build.0 = RelWithDebInfo|x64
		{5790AA01-8EB6-389F-9645-1F010BDC1754}.Debug|x64.ActiveCfg = Debug|x64
		{5790AA01-8EB6-389F-9645-1F010BDC1754}.Debug|x64.Build.0 = Debug|x64
		{5790AA01-8EB6-389F-9645-1F010BDC1754}.Release|x64.ActiveCfg = Release|x64
		{5790AA01-8EB6-389F-9645-1F010BDC1754}.Release|x64.Build.0 = Release|x64
		{5790AA01-8EB6-389F-9645-1F010BDC1754}.MinSizeRel|x64.ActiveCfg = MinSizeRel|x64
		{5790AA01-8EB6-389F-9645-1F010BDC1754}.MinSizeRel|x64.Build.0 = MinSizeRel|x64
		{5790AA01-8EB6-389F-9645-1F010BDC1754}.RelWithDebInfo|x64.ActiveCfg = RelWithDebInfo|x64
		{5790AA01-8EB6-389F-9645-1F010BDC1754}.RelWithDebInfo|x64.Build.0 = RelWithDebInfo|x64
	EndGlobalSection
	GlobalSection(ExtensibilityGlobals) = postSolution
		SolutionGuid = {C1DDB3F9-F280-32E0-B500-C1036587AC51}
	EndGlobalSection
	GlobalSection(ExtensibilityAddIns) = postSolution
	EndGlobalSection
EndGlobal
